
Microsoft Visual Studio Solution File, Format Version 12.00
# Visual Studio 15
VisualStudioVersion = 15.0.27130.2036
MinimumVisualStudioVersion = 10.0.40219.1
Project("{FAE04EC0-301F-11D3-BF4B-00C04F79EFBC}") = "PeopleOrganizer", "PeopleOrganizer\PeopleOrganizer.csproj", "{016C0051-1A0A-488C-9DAD-CFF52C50F282}"
EndProject
Global
	GlobalSection(SolutionConfigurationPlatforms) = preSolution
		Debug|Any CPU = Debug|Any CPU
		Release|Any CPU = Release|Any CPU
	EndGlobalSection
	GlobalSection(ProjectConfigurationPlatforms) = postSolution
		{016C0051-1A0A-488C-9DAD-CFF52C50F282}.Debug|Any CPU.ActiveCfg = Debug|Any CPU
		{016C0051-1A0A-488C-9DAD-CFF52C50F282}.Debug|Any CPU.Build.0 = Debug|Any CPU
		{016C0051-1A0A-488C-9DAD-CFF52C50F282}.Release|Any CPU.ActiveCfg = Release|Any CPU
		{016C0051-1A0A-488C-9DAD-CFF52C50F282}.Release|Any CPU.Build.0 = Release|Any CPU
	EndGlobalSection
	GlobalSection(SolutionProperties) = preSolution
		HideSolutionNode = FALSE
	EndGlobalSection
	GlobalSection(ExtensibilityGlobals) = postSolution
		SolutionGuid = {A3F89B13-20E4-4DE9-91D4-CE671F67B5A8}
	EndGlobalSection
EndGlobal
